
Microsoft Visual Studio Solution File, Format Version 12.00
# Visual Studio Version 16
VisualStudioVersion = 16.0.31613.86
MinimumVisualStudioVersion = 10.0.40219.1
Project("{FAE04EC0-301F-11D3-BF4B-00C04F79EFBC}") = "Sudoku-AI", "Sudoku-AI.csproj", "{75FC0BA7-B91B-49EF-8D1D-B930E3B81607}"
EndProject
Global
	GlobalSection(SolutionConfigurationPlatforms) = preSolution
		Debug|Any CPU = Debug|Any CPU
		Release|Any CPU = Release|Any CPU
	EndGlobalSection
	GlobalSection(ProjectConfigurationPlatforms) = postSolution
		{75FC0BA7-B91B-49EF-8D1D-B930E3B81607}.Debug|Any CPU.ActiveCfg = Debug|Any CPU
		{75FC0BA7-B91B-49EF-8D1D-B930E3B81607}.Debug|Any CPU.Build.0 = Debug|Any CPU
		{75FC0BA7-B91B-49EF-8D1D-B930E3B81607}.Release|Any CPU.ActiveCfg = Release|Any CPU
		{75FC0BA7-B91B-49EF-8D1D-B930E3B81607}.Release|Any CPU.Build.0 = Release|Any CPU
	EndGlobalSection
	GlobalSection(SolutionProperties) = preSolution
		HideSolutionNode = FALSE
	EndGlobalSection
	GlobalSection(ExtensibilityGlobals) = postSolution
		SolutionGuid = {E8A4F599-3601-45AD-8C87-C52DB3F5AAC4}
	EndGlobalSection
EndGlobal
